// !$*UTF8*$!
{
	archiveVersion = 1;
	classes = {
	};
	objectVersion = 46;
	objects = {

/* Begin PBXBuildFile section */
		D53C58291963D3D000897DA2 /* AppDelegate.swift in Sources */ = {isa = PBXBuildFile; fileRef = D53C58281963D3D000897DA2 /* AppDelegate.swift */; };
		D53C582B1963D3D000897DA2 /* Images.xcassets in Resources */ = {isa = PBXBuildFile; fileRef = D53C582A1963D3D000897DA2 /* Images.xcassets */; };
		D53C58371963D3D000897DA2 /* FacebookLoginTests.swift in Sources */ = {isa = PBXBuildFile; fileRef = D53C58361963D3D000897DA2 /* FacebookLoginTests.swift */; };
		D53C58411963D3F600897DA2 /* Storyboard.storyboard in Resources */ = {isa = PBXBuildFile; fileRef = D53C58401963D3F600897DA2 /* Storyboard.storyboard */; };
/* End PBXBuildFile section */

/* Begin PBXContainerItemProxy section */
		D53C58311963D3D000897DA2 /* PBXContainerItemProxy */ = {
			isa = PBXContainerItemProxy;
			containerPortal = D53C581B1963D3D000897DA2 /* Project object */;
			proxyType = 1;
			remoteGlobalIDString = D53C58221963D3D000897DA2;
			remoteInfo = FacebookLogin;
		};
/* End PBXContainerItemProxy section */

/* Begin PBXFileReference section */
		D53C58231963D3D000897DA2 /* FacebookLogin.app */ = {isa = PBXFileReference; explicitFileType = wrapper.application; includeInIndex = 0; path = FacebookLogin.app; sourceTree = BUILT_PRODUCTS_DIR; };
		D53C58271963D3D000897DA2 /* Info.plist */ = {isa = PBXFileReference; lastKnownFileType = text.plist.xml; path = Info.plist; sourceTree = "<group>"; };
		D53C58281963D3D000897DA2 /* AppDelegate.swift */ = {isa = PBXFileReference; lastKnownFileType = sourcecode.swift; path = AppDelegate.swift; sourceTree = "<group>"; };
		D53C582A1963D3D000897DA2 /* Images.xcassets */ = {isa = PBXFileReference; lastKnownFileType = folder.assetcatalog; path = Images.xcassets; sourceTree = "<group>"; };
		D53C58301963D3D000897DA2 /* FacebookLoginTests.xctest */ = {isa = PBXFileReference; explicitFileType = wrapper.cfbundle; includeInIndex = 0; path = FacebookLoginTests.xctest; sourceTree = BUILT_PRODUCTS_DIR; };
		D53C58351963D3D000897DA2 /* Info.plist */ = {isa = PBXFileReference; lastKnownFileType = text.plist.xml; path = Info.plist; sourceTree = "<group>"; };
		D53C58361963D3D000897DA2 /* FacebookLoginTests.swift */ = {isa = PBXFileReference; lastKnownFileType = sourcecode.swift; path = FacebookLoginTests.swift; sourceTree = "<group>"; };
		D53C58401963D3F600897DA2 /* Storyboard.storyboard */ = {isa = PBXFileReference; fileEncoding = 4; lastKnownFileType = file.storyboard; path = Storyboard.storyboard; sourceTree = "<group>"; };
/* End PBXFileReference section */

/* Begin PBXFrameworksBuildPhase section */
		D53C58201963D3D000897DA2 /* Frameworks */ = {
			isa = PBXFrameworksBuildPhase;
			buildActionMask = 2147483647;
			files = (
			);
			runOnlyForDeploymentPostprocessing = 0;
		};
		D53C582D1963D3D000897DA2 /* Frameworks */ = {
			isa = PBXFrameworksBuildPhase;
			buildActionMask = 2147483647;
			files = (
			);
			runOnlyForDeploymentPostprocessing = 0;
		};
/* End PBXFrameworksBuildPhase section */

/* Begin PBXGroup section */
		D53C581A1963D3D000897DA2 = {
			isa = PBXGroup;
			children = (
				D53C58251963D3D000897DA2 /* FacebookLogin */,
				D53C58331963D3D000897DA2 /* FacebookLoginTests */,
				D53C58241963D3D000897DA2 /* Products */,
			);
			sourceTree = "<group>";
		};
		D53C58241963D3D000897DA2 /* Products */ = {
			isa = PBXGroup;
			children = (
				D53C58231963D3D000897DA2 /* FacebookLogin.app */,
				D53C58301963D3D000897DA2 /* FacebookLoginTests.xctest */,
			);
			name = Products;
			sourceTree = "<group>";
		};
		D53C58251963D3D000897DA2 /* FacebookLogin */ = {
			isa = PBXGroup;
			children = (
				D53C58281963D3D000897DA2 /* AppDelegate.swift */,
				D53C582A1963D3D000897DA2 /* Images.xcassets */,
				D53C58261963D3D000897DA2 /* Supporting Files */,
				D53C58401963D3F600897DA2 /* Storyboard.storyboard */,
			);
			path = FacebookLogin;
			sourceTree = "<group>";
		};
		D53C58261963D3D000897DA2 /* Supporting Files */ = {
			isa = PBXGroup;
			children = (
				D53C58271963D3D000897DA2 /* Info.plist */,
			);
			name = "Supporting Files";
			sourceTree = "<group>";
		};
		D53C58331963D3D000897DA2 /* FacebookLoginTests */ = {
			isa = PBXGroup;
			children = (
				D53C58361963D3D000897DA2 /* FacebookLoginTests.swift */,
				D53C58341963D3D000897DA2 /* Supporting Files */,
			);
			path = FacebookLoginTests;
			sourceTree = "<group>";
		};
		D53C58341963D3D000897DA2 /* Supporting Files */ = {
			isa = PBXGroup;
			children = (
				D53C58351963D3D000897DA2 /* Info.plist */,
			);
			name = "Supporting Files";
			sourceTree = "<group>";
		};
/* End PBXGroup section */

/* Begin PBXNativeTarget section */
		D53C58221963D3D000897DA2 /* FacebookLogin */ = {
			isa = PBXNativeTarget;
			buildConfigurationList = D53C583A1963D3D000897DA2 /* Build configuration list for PBXNativeTarget "FacebookLogin" */;
			buildPhases = (
				D53C581F1963D3D000897DA2 /* Sources */,
				D53C58201963D3D000897DA2 /* Frameworks */,
				D53C58211963D3D000897DA2 /* Resources */,
			);
			buildRules = (
			);
			dependencies = (
			);
			name = FacebookLogin;
			productName = FacebookLogin;
			productReference = D53C58231963D3D000897DA2 /* FacebookLogin.app */;
			productType = "com.apple.product-type.application";
		};
		D53C582F1963D3D000897DA2 /* FacebookLoginTests */ = {
			isa = PBXNativeTarget;
			buildConfigurationList = D53C583D1963D3D000897DA2 /* Build configuration list for PBXNativeTarget "FacebookLoginTests" */;
			buildPhases = (
				D53C582C1963D3D000897DA2 /* Sources */,
				D53C582D1963D3D000897DA2 /* Frameworks */,
				D53C582E1963D3D000897DA2 /* Resources */,
			);
			buildRules = (
			);
			dependencies = (
				D53C58321963D3D000897DA2 /* PBXTargetDependency */,
			);
			name = FacebookLoginTests;
			productName = FacebookLoginTests;
			productReference = D53C58301963D3D000897DA2 /* FacebookLoginTests.xctest */;
			productType = "com.apple.product-type.bundle.unit-test";
		};
/* End PBXNativeTarget section */

/* Begin PBXProject section */
		D53C581B1963D3D000897DA2 /* Project object */ = {
			isa = PBXProject;
			attributes = {
				LastUpgradeCheck = 0600;
				ORGANIZATIONNAME = MichaelWEllison;
				TargetAttributes = {
					D53C58221963D3D000897DA2 = {
						CreatedOnToolsVersion = 6.0;
					};
					D53C582F1963D3D000897DA2 = {
						CreatedOnToolsVersion = 6.0;
						TestTargetID = D53C58221963D3D000897DA2;
					};
				};
			};
			buildConfigurationList = D53C581E1963D3D000897DA2 /* Build configuration list for PBXProject "FacebookLogin" */;
			compatibilityVersion = "Xcode 3.2";
			developmentRegion = English;
			hasScannedForEncodings = 0;
			knownRegions = (
				en,
			);
			mainGroup = D53C581A1963D3D000897DA2;
			productRefGroup = D53C58241963D3D000897DA2 /* Products */;
			projectDirPath = "";
			projectRoot = "";
			targets = (
				D53C58221963D3D000897DA2 /* FacebookLogin */,
				D53C582F1963D3D000897DA2 /* FacebookLoginTests */,
			);
		};
/* End PBXProject section */

/* Begin PBXResourcesBuildPhase section */
		D53C58211963D3D000897DA2 /* Resources */ = {
			isa = PBXResourcesBuildPhase;
			buildActionMask = 2147483647;
			files = (
				D53C582B1963D3D000897DA2 /* Images.xcassets in Resources */,
				D53C58411963D3F600897DA2 /* Storyboard.storyboard in Resources */,
			);
			runOnlyForDeploymentPostprocessing = 0;
		};
		D53C582E1963D3D000897DA2 /* Resources */ = {
			isa = PBXResourcesBuildPhase;
			buildActionMask = 2147483647;
			files = (
			);
			runOnlyForDeploymentPostprocessing = 0;
		};
/* End PBXResourcesBuildPhase section */

/* Begin PBXSourcesBuildPhase section */
		D53C581F1963D3D000897DA2 /* Sources */ = {
			isa = PBXSourcesBuildPhase;
			buildActionMask = 2147483647;
			files = (
				D53C58291963D3D000897DA2 /* AppDelegate.swift in Sources */,
			);
			runOnlyForDeploymentPostprocessing = 0;
		};
		D53C582C1963D3D000897DA2 /* Sources */ = {
			isa = PBXSourcesBuildPhase;
			buildActionMask = 2147483647;
			files = (
				D53C58371963D3D000897DA2 /* FacebookLoginTests.swift in Sources */,
			);
			runOnlyForDeploymentPostprocessing = 0;
		};
/* End PBXSourcesBuildPhase section */

/* Begin PBXTargetDependency section */
		D53C58321963D3D000897DA2 /* PBXTargetDependency */ = {
			isa = PBXTargetDependency;
			target = D53C58221963D3D000897DA2 /* FacebookLogin */;
			targetProxy = D53C58311963D3D000897DA2 /* PBXContainerItemProxy */;
		};
/* End PBXTargetDependency section */

/* Begin XCBuildConfiguration section */
		D53C58381963D3D000897DA2 /* Debug */ = {
			isa = XCBuildConfiguration;
			buildSettings = {
				ALWAYS_SEARCH_USER_PATHS = NO;
				CLANG_CXX_LANGUAGE_STANDARD = "gnu++0x";
				CLANG_CXX_LIBRARY = "libc++";
				CLANG_ENABLE_MODULES = YES;
				CLANG_ENABLE_OBJC_ARC = YES;
				CLANG_WARN_BOOL_CONVERSION = YES;
				CLANG_WARN_CONSTANT_CONVERSION = YES;
				CLANG_WARN_DIRECT_OBJC_ISA_USAGE = YES_ERROR;
				CLANG_WARN_EMPTY_BODY = YES;
				CLANG_WARN_ENUM_CONVERSION = YES;
				CLANG_WARN_INT_CONVERSION = YES;
				CLANG_WARN_OBJC_ROOT_CLASS = YES_ERROR;
				CLANG_WARN_UNREACHABLE_CODE = YES;
				CLANG_WARN__DUPLICATE_METHOD_MATCH = YES;
				"CODE_SIGN_IDENTITY[sdk=iphoneos*]" = "iPhone Developer";
				COPY_PHASE_STRIP = NO;
				ENABLE_STRICT_OBJC_MSGSEND = YES;
				GCC_C_LANGUAGE_STANDARD = gnu99;
				GCC_DYNAMIC_NO_PIC = NO;
				GCC_OPTIMIZATION_LEVEL = 0;
				GCC_PREPROCESSOR_DEFINITIONS = (
					"DEBUG=1",
					"$(inherited)",
				);
				GCC_SYMBOLS_PRIVATE_EXTERN = NO;
				GCC_WARN_64_TO_32_BIT_CONVERSION = YES;
				GCC_WARN_ABOUT_RETURN_TYPE = YES_ERROR;
				GCC_WARN_UNDECLARED_SELECTOR = YES;
				GCC_WARN_UNINITIALIZED_AUTOS = YES_AGGRESSIVE;
				GCC_WARN_UNUSED_FUNCTION = YES;
				GCC_WARN_UNUSED_VARIABLE = YES;
				IPHONEOS_DEPLOYMENT_TARGET = 8.0;
				METAL_ENABLE_DEBUG_INFO = YES;
				ONLY_ACTIVE_ARCH = YES;
				SDKROOT = iphoneos;
				SWIFT_OPTIMIZATION_LEVEL = "-Onone";
			};
			name = Debug;
		};
		D53C58391963D3D000897DA2 /* Release */ = {
			isa = XCBuildConfiguration;
			buildSettings = {
				ALWAYS_SEARCH_USER_PATHS = NO;
				CLANG_CXX_LANGUAGE_STANDARD = "gnu++0x";
				CLANG_CXX_LIBRARY = "libc++";
				CLANG_ENABLE_MODULES = YES;
				CLANG_ENABLE_OBJC_ARC = YES;
				CLANG_WARN_BOOL_CONVERSION = YES;
				CLANG_WARN_CONSTANT_CONVERSION = YES;
				CLANG_WARN_DIRECT_OBJC_ISA_USAGE = YES_ERROR;
				CLANG_WARN_EMPTY_BODY = YES;
				CLANG_WARN_ENUM_CONVERSION = YES;
				CLANG_WARN_INT_CONVERSION = YES;
				CLANG_WARN_OBJC_ROOT_CLASS = YES_ERROR;
				CLANG_WARN_UNREACHABLE_CODE = YES;
				CLANG_WARN__DUPLICATE_METHOD_MATCH = YES;
				"CODE_SIGN_IDENTITY[sdk=iphoneos*]" = "iPhone Developer";
				COPY_PHASE_STRIP = YES;
				ENABLE_NS_ASSERTIONS = NO;
				ENABLE_STRICT_OBJC_MSGSEND = YES;
				GCC_C_LANGUAGE_STANDARD = gnu99;
				GCC_WARN_64_TO_32_BIT_CONVERSION = YES;
				GCC_WARN_ABOUT_RETURN_TYPE = YES_ERROR;
				GCC_WARN_UNDECLARED_SELECTOR = YES;
				GCC_WARN_UNINITIALIZED_AUTOS = YES_AGGRESSIVE;
				GCC_WARN_UNUSED_FUNCTION = YES;
				GCC_WARN_UNUSED_VARIABLE = YES;
				IPHONEOS_DEPLOYMENT_TARGET = 8.0;
				METAL_ENABLE_DEBUG_INFO = NO;
				SDKROOT = iphoneos;
				VALIDATE_PRODUCT = YES;
			};
			name = Release;
		};
		D53C583B1963D3D000897DA2 /* Debug */ = {
			isa = XCBuildConfiguration;
			buildSettings = {
				ASSETCATALOG_COMPILER_APPICON_NAME = AppIcon;
				ASSETCATALOG_COMPILER_LAUNCHIMAGE_NAME = LaunchImage;
				INFOPLIST_FILE = FacebookLogin/Info.plist;
				LD_RUNPATH_SEARCH_PATHS = "$(inherited) @executable_path/Frameworks";
				PRODUCT_NAME = "$(TARGET_NAME)";
			};
			name = Debug;
		};
		D53C583C1963D3D000897DA2 /* Release */ = {
			isa = XCBuildConfiguration;
			buildSettings = {
				ASSETCATALOG_COMPILER_APPICON_NAME = AppIcon;
				ASSETCATALOG_COMPILER_LAUNCHIMAGE_NAME = LaunchImage;
				INFOPLIST_FILE = FacebookLogin/Info.plist;
				LD_RUNPATH_SEARCH_PATHS = "$(inherited) @executable_path/Frameworks";
				PRODUCT_NAME = "$(TARGET_NAME)";
			};
			name = Release;
		};
		D53C583E1963D3D000897DA2 /* Debug */ = {
			isa = XCBuildConfiguration;
			buildSettings = {
				BUNDLE_LOADER = "$(BUILT_PRODUCTS_DIR)/FacebookLogin.app/FacebookLogin";
				FRAMEWORK_SEARCH_PATHS = (
					"$(SDKROOT)/Developer/Library/Frameworks",
					"$(inherited)",
				);
				GCC_PREPROCESSOR_DEFINITIONS = (
					"DEBUG=1",
					"$(inherited)",
				);
				INFOPLIST_FILE = FacebookLoginTests/Info.plist;
				LD_RUNPATH_SEARCH_PATHS = "$(inherited) @executable_path/Frameworks @loader_path/Frameworks";
				METAL_ENABLE_DEBUG_INFO = YES;
				PRODUCT_NAME = "$(TARGET_NAME)";
				TEST_HOST = "$(BUNDLE_LOADER)";
			};
			name = Debug;
		};
		D53C583F1963D3D000897DA2 /* Release */ = {
			isa = XCBuildConfiguration;
			buildSettings = {
				BUNDLE_LOADER = "$(BUILT_PRODUCTS_DIR)/FacebookLogin.app/FacebookLogin";
				FRAMEWORK_SEARCH_PATHS = (
					"$(SDKROOT)/Developer/Library/Frameworks",
					"$(inherited)",
				);
				INFOPLIST_FILE = FacebookLoginTests/Info.plist;
				LD_RUNPATH_SEARCH_PATHS = "$(inherited) @executable_path/Frameworks @loader_path/Frameworks";
				METAL_ENABLE_DEBUG_INFO = NO;
				PRODUCT_NAME = "$(TARGET_NAME)";
				TEST_HOST = "$(BUNDLE_LOADER)";
			};
			name = Release;
		};
/* End XCBuildConfiguration section */

/* Begin XCConfigurationList section */
		D53C581E1963D3D000897DA2 /* Build configuration list for PBXProject "FacebookLogin" */ = {
			isa = XCConfigurationList;
			buildConfigurations = (
				D53C58381963D3D000897DA2 /* Debug */,
				D53C58391963D3D000897DA2 /* Release */,
			);
			defaultConfigurationIsVisible = 0;
			defaultConfigurationName = Release;
		};
		D53C583A1963D3D000897DA2 /* Build configuration list for PBXNativeTarget "FacebookLogin" */ = {
			isa = XCConfigurationList;
			buildConfigurations = (
				D53C583B1963D3D000897DA2 /* Debug */,
				D53C583C1963D3D000897DA2 /* Release */,
			);
			defaultConfigurationIsVisible = 0;
		};
		D53C583D1963D3D000897DA2 /* Build configuration list for PBXNativeTarget "FacebookLoginTests" */ = {
			isa = XCConfigurationList;
			buildConfigurations = (
				D53C583E1963D3D000897DA2 /* Debug */,
				D53C583F1963D3D000897DA2 /* Release */,
			);
			defaultConfigurationIsVisible = 0;
		};
/* End XCConfigurationList section */
	};
	rootObject = D53C581B1963D3D000897DA2 /* Project object */;
}
